
Microsoft Visual Studio Solution File, Format Version 12.00
# Visual Studio 2013
VisualStudioVersion = 12.0.31101.0
MinimumVisualStudioVersion = 10.0.40219.1
Project("{FAE04EC0-301F-11D3-BF4B-00C04F79EFBC}") = "appRike", "appRike\appRike.csproj", "{9945C999-3D90-496B-889B-D82EADACCFAA}"
EndProject
Project("{FAE04EC0-301F-11D3-BF4B-00C04F79EFBC}") = "Infra", "Contexto\Infra.csproj", "{9AFAF44F-D217-4156-94A2-CA876CC69E2C}"
EndProject
Project("{FAE04EC0-301F-11D3-BF4B-00C04F79EFBC}") = "Dominio", "Dominio\Dominio.csproj", "{8DDA9D71-CC79-4A56-A054-BEC811713A98}"
EndProject
Global
	GlobalSection(SolutionConfigurationPlatforms) = preSolution
		Debug|Any CPU = Debug|Any CPU
		Release|Any CPU = Release|Any CPU
	EndGlobalSection
	GlobalSection(ProjectConfigurationPlatforms) = postSolution
		{9945C999-3D90-496B-889B-D82EADACCFAA}.Debug|Any CPU.ActiveCfg = Debug|Any CPU
		{9945C999-3D90-496B-889B-D82EADACCFAA}.Debug|Any CPU.Build.0 = Debug|Any CPU
		{9945C999-3D90-496B-889B-D82EADACCFAA}.Release|Any CPU.ActiveCfg = Release|Any CPU
		{9945C999-3D90-496B-889B-D82EADACCFAA}.Release|Any CPU.Build.0 = Release|Any CPU
		{9AFAF44F-D217-4156-94A2-CA876CC69E2C}.Debug|Any CPU.ActiveCfg = Debug|Any CPU
		{9AFAF44F-D217-4156-94A2-CA876CC69E2C}.Debug|Any CPU.Build.0 = Debug|Any CPU
		{9AFAF44F-D217-4156-94A2-CA876CC69E2C}.Release|Any CPU.ActiveCfg = Release|Any CPU
		{9AFAF44F-D217-4156-94A2-CA876CC69E2C}.Release|Any CPU.Build.0 = Release|Any CPU
		{8DDA9D71-CC79-4A56-A054-BEC811713A98}.Debug|Any CPU.ActiveCfg = Debug|Any CPU
		{8DDA9D71-CC79-4A56-A054-BEC811713A98}.Debug|Any CPU.Build.0 = Debug|Any CPU
		{8DDA9D71-CC79-4A56-A054-BEC811713A98}.Release|Any CPU.ActiveCfg = Release|Any CPU
		{8DDA9D71-CC79-4A56-A054-BEC811713A98}.Release|Any CPU.Build.0 = Release|Any CPU
	EndGlobalSection
	GlobalSection(SolutionProperties) = preSolution
		HideSolutionNode = FALSE
	EndGlobalSection
EndGlobal
